
Microsoft Visual Studio Solution File, Format Version 12.00
# Visual Studio Version 16
VisualStudioVersion = 16.0.30709.64
MinimumVisualStudioVersion = 10.0.40219.1
Project("{9A19103F-16F7-4668-BE54-9A1E7A4F7556}") = "DInjector", "Att1\DInjector.csproj", "{52C5CE9F-578E-46FA-9E06-3608A4F6771E}"
EndProject
Global
	GlobalSection(SolutionConfigurationPlatforms) = preSolution
		Debug|Any CPU = Debug|Any CPU
		Release|Any CPU = Release|Any CPU
	EndGlobalSection
	GlobalSection(ProjectConfigurationPlatforms) = postSolution
		{52C5CE9F-578E-46FA-9E06-3608A4F6771E}.Debug|Any CPU.ActiveCfg = Debug|Any CPU
		{52C5CE9F-578E-46FA-9E06-3608A4F6771E}.Debug|Any CPU.Build.0 = Debug|Any CPU
		{52C5CE9F-578E-46FA-9E06-3608A4F6771E}.Release|Any CPU.ActiveCfg = Release|Any CPU
		{52C5CE9F-578E-46FA-9E06-3608A4F6771E}.Release|Any CPU.Build.0 = Release|Any CPU
	EndGlobalSection
	GlobalSection(SolutionProperties) = preSolution
		HideSolutionNode = FALSE
	EndGlobalSection
	GlobalSection(ExtensibilityGlobals) = postSolution
		SolutionGuid = {3C679474-12F9-4574-86CA-6D9FBC44B27A}
	EndGlobalSection
EndGlobal
